
Microsoft Visual Studio Solution File, Format Version 12.00
# Visual Studio Version 17
VisualStudioVersion = 17.3.32922.545
MinimumVisualStudioVersion = 15.0.26124.0
Project("{2150E333-8FDC-42A3-9474-1A3956D46DE8}") = "src", "src", "{6AAE677C-A38E-4AD0-951B-4E64D91EE928}"
EndProject
Project("{9A19103F-16F7-4668-BE54-9A1E7A4F7556}") = "AppAny.Quartz.EntityFrameworkCore.Migrations.PostgreSQL", "src\AppAny.Quartz.EntityFrameworkCore.Migrations.PostgreSQL\AppAny.Quartz.EntityFrameworkCore.Migrations.PostgreSQL.csproj", "{B2D2463F-FEE4-4DB3-8821-EA378753E006}"
EndProject
Project("{9A19103F-16F7-4668-BE54-9A1E7A4F7556}") = "AppAny.Quartz.EntityFrameworkCore.Migrations", "src\AppAny.Quartz.EntityFrameworkCore.Migrations\AppAny.Quartz.EntityFrameworkCore.Migrations.csproj", "{B93044E6-2EA1-4D10-932D-7D232DB02C76}"
EndProject
Project("{2150E333-8FDC-42A3-9474-1A3956D46DE8}") = "tests", "tests", "{F87C6291-1953-4FD8-AE97-530A9B63B6B0}"
EndProject
Project("{9A19103F-16F7-4668-BE54-9A1E7A4F7556}") = "AppAny.Quartz.EntityFrameworkCore.Migrations.Tests", "tests\AppAny.Quartz.EntityFrameworkCore.Migrations.Tests\AppAny.Quartz.EntityFrameworkCore.Migrations.Tests.csproj", "{47E591EA-37FC-438D-96E0-EBC609BFDFA9}"
EndProject
Project("{9A19103F-16F7-4668-BE54-9A1E7A4F7556}") = "AppAny.Quartz.EntityFrameworkCore.Migrations.MySql", "src\AppAny.Quartz.EntityFrameworkCore.Migrations.MySql\AppAny.Quartz.EntityFrameworkCore.Migrations.MySql.csproj", "{C6D9078D-F57B-43A9-84A3-60882741022D}"
EndProject
Project("{9A19103F-16F7-4668-BE54-9A1E7A4F7556}") = "AppAny.Quartz.EntityFrameworkCore.Migrations.SqlServer", "src\AppAny.Quartz.EntityFrameworkCore.Migrations.SqlServer\AppAny.Quartz.EntityFrameworkCore.Migrations.SqlServer.csproj", "{81D33747-2D69-4E32-B2F3-1A0C7960FB9D}"
EndProject
Project("{9A19103F-16F7-4668-BE54-9A1E7A4F7556}") = "AppAny.Quartz.EntityFrameworkCore.Migrations.SQLite", "src\AppAny.Quartz.EntityFrameworkCore.Migrations.SQLite\AppAny.Quartz.EntityFrameworkCore.Migrations.SQLite.csproj", "{B43D24EE-F42A-4A0A-BE81-9431ED219BBF}"
EndProject
Project("{2150E333-8FDC-42A3-9474-1A3956D46DE8}") = ".items", ".items", "{3B77CB85-2093-4F9D-A4BF-242059E9E151}"
	ProjectSection(SolutionItems) = preProject
		.editorconfig = .editorconfig
		.gitignore = .gitignore
		AppAny.Quartz.EntityFrameworkCore.Migrations.sln.DotSettings = AppAny.Quartz.EntityFrameworkCore.Migrations.sln.DotSettings
		CODE_OF_CONDUCT.md = CODE_OF_CONDUCT.md
		LICENSE = LICENSE
		README.md = README.md
	EndProjectSection
EndProject
Project("{FAE04EC0-301F-11D3-BF4B-00C04F79EFBC}") = "AppAny.Quartz.EntityFrameworkCore.Migrations.SQLite.Tests", "tests\AppAny.Quartz.EntityFrameworkCore.Migrations.SQLite.Tests\AppAny.Quartz.EntityFrameworkCore.Migrations.SQLite.Tests.csproj", "{9EDEB05A-9F04-493A-8CE8-E1A385A6BE27}"
EndProject
Project("{FAE04EC0-301F-11D3-BF4B-00C04F79EFBC}") = "AppAny.Quartz.EntityFrameworkCore.Migrations.SqlServer.Tests", "tests\AppAny.Quartz.EntityFrameworkCore.Migrations.SqlServer.Tests\AppAny.Quartz.EntityFrameworkCore.Migrations.SqlServer.Tests.csproj", "{07E616D5-7464-4205-829C-B158DDA17CAC}"
EndProject
Project("{FAE04EC0-301F-11D3-BF4B-00C04F79EFBC}") = "AppAny.Quartz.EntityFrameworkCore.Migrations.PostgreSQL.Tests", "tests\AppAny.Quartz.EntityFrameworkCore.Migrations.PostgreSQL.Tests\AppAny.Quartz.EntityFrameworkCore.Migrations.PostgreSQL.Tests.csproj", "{BCF7FEA4-4843-4AF6-B450-4CE1532BE69C}"
EndProject
Project("{FAE04EC0-301F-11D3-BF4B-00C04F79EFBC}") = "AppAny.Quartz.EntityFrameworkCore.Migrations.MySql.Tests", "tests\AppAny.Quartz.EntityFrameworkCore.Migrations.MySql.Tests\AppAny.Quartz.EntityFrameworkCore.Migrations.MySql.Tests.csproj", "{2412CA33-7CC7-46CC-880A-944AFF533F92}"
EndProject
Global
	GlobalSection(SolutionConfigurationPlatforms) = preSolution
		Debug|Any CPU = Debug|Any CPU
		Debug|x64 = Debug|x64
		Debug|x86 = Debug|x86
		Release|Any CPU = Release|Any CPU
		Release|x64 = Release|x64
		Release|x86 = Release|x86
	EndGlobalSection
	GlobalSection(ProjectConfigurationPlatforms) = postSolution
		{B2D2463F-FEE4-4DB3-8821-EA378753E006}.Debug|Any CPU.ActiveCfg = Debug|Any CPU
		{B2D2463F-FEE4-4DB3-8821-EA378753E006}.Debug|Any CPU.Build.0 = Debug|Any CPU
		{B2D2463F-FEE4-4DB3-8821-EA378753E006}.Debug|x64.ActiveCfg = Debug|Any CPU
		{B2D2463F-FEE4-4DB3-8821-EA378753E006}.Debug|x64.Build.0 = Debug|Any CPU
		{B2D2463F-FEE4-4DB3-8821-EA378753E006}.Debug|x86.ActiveCfg = Debug|Any CPU
		{B2D2463F-FEE4-4DB3-8821-EA378753E006}.Debug|x86.Build.0 = Debug|Any CPU
		{B2D2463F-FEE4-4DB3-8821-EA378753E006}.Release|Any CPU.ActiveCfg = Release|Any CPU
		{B2D2463F-FEE4-4DB3-8821-EA378753E006}.Release|Any CPU.Build.0 = Release|Any CPU
		{B2D2463F-FEE4-4DB3-8821-EA378753E006}.Release|x64.ActiveCfg = Release|Any CPU
		{B2D2463F-FEE4-4DB3-8821-EA378753E006}.Release|x64.Build.0 = Release|Any CPU
		{B2D2463F-FEE4-4DB3-8821-EA378753E006}.Release|x86.ActiveCfg = Release|Any CPU
		{B2D2463F-FEE4-4DB3-8821-EA378753E006}.Release|x86.Build.0 = Release|Any CPU
		{B93044E6-2EA1-4D10-932D-7D232DB02C76}.Debug|Any CPU.ActiveCfg = Debug|Any CPU
		{B93044E6-2EA1-4D10-932D-7D232DB02C76}.Debug|Any CPU.Build.0 = Debug|Any CPU
		{B93044E6-2EA1-4D10-932D-7D232DB02C76}.Debug|x64.ActiveCfg = Debug|Any CPU
		{B93044E6-2EA1-4D10-932D-7D232DB02C76}.Debug|x64.Build.0 = Debug|Any CPU
		{B93044E6-2EA1-4D10-932D-7D232DB02C76}.Debug|x86.ActiveCfg = Debug|Any CPU
		{B93044E6-2EA1-4D10-932D-7D232DB02C76}.Debug|x86.Build.0 = Debug|Any CPU
		{B93044E6-2EA1-4D10-932D-7D232DB02C76}.Release|Any CPU.ActiveCfg = Release|Any CPU
		{B93044E6-2EA1-4D10-932D-7D232DB02C76}.Release|Any CPU.Build.0 = Release|Any CPU
		{B93044E6-2EA1-4D10-932D-7D232DB02C76}.Release|x64.ActiveCfg = Release|Any CPU
		{B93044E6-2EA1-4D10-932D-7D232DB02C76}.Release|x64.Build.0 = Release|Any CPU
		{B93044E6-2EA1-4D10-932D-7D232DB02C76}.Release|x86.ActiveCfg = Release|Any CPU
		{B93044E6-2EA1-4D10-932D-7D232DB02C76}.Release|x86.Build.0 = Release|Any CPU
		{47E591EA-37FC-438D-96E0-EBC609BFDFA9}.Debug|Any CPU.ActiveCfg = Debug|Any CPU
		{47E591EA-37FC-438D-96E0-EBC609BFDFA9}.Debug|Any CPU.Build.0 = Debug|Any CPU
		{47E591EA-37FC-438D-96E0-EBC609BFDFA9}.Debug|x64.ActiveCfg = Debug|Any CPU
		{47E591EA-37FC-438D-96E0-EBC609BFDFA9}.Debug|x64.Build.0 = Debug|Any CPU
		{47E591EA-37FC-438D-96E0-EBC609BFDFA9}.Debug|x86.ActiveCfg = Debug|Any CPU
		{47E591EA-37FC-438D-96E0-EBC609BFDFA9}.Debug|x86.Build.0 = Debug|Any CPU
		{47E591EA-37FC-438D-96E0-EBC609BFDFA9}.Release|Any CPU.ActiveCfg = Release|Any CPU
		{47E591EA-37FC-438D-96E0-EBC609BFDFA9}.Release|Any CPU.Build.0 = Release|Any CPU
		{47E591EA-37FC-438D-96E0-EBC609BFDFA9}.Release|x64.ActiveCfg = Release|Any CPU
		{47E591EA-37FC-438D-96E0-EBC609BFDFA9}.Release|x64.Build.0 = Release|Any CPU
		{47E591EA-37FC-438D-96E0-EBC609BFDFA9}.Release|x86.ActiveCfg = Release|Any CPU
		{47E591EA-37FC-438D-96E0-EBC609BFDFA9}.Release|x86.Build.0 = Release|Any CPU
		{C6D9078D-F57B-43A9-84A3-60882741022D}.Debug|Any CPU.ActiveCfg = Debug|Any CPU
		{C6D9078D-F57B-43A9-84A3-60882741022D}.Debug|Any CPU.Build.0 = Debug|Any CPU
		{C6D9078D-F57B-43A9-84A3-60882741022D}.Debug|x64.ActiveCfg = Debug|Any CPU
		{C6D9078D-F57B-43A9-84A3-60882741022D}.Debug|x64.Build.0 = Debug|Any CPU
		{C6D9078D-F57B-43A9-84A3-60882741022D}.Debug|x86.ActiveCfg = Debug|Any CPU
		{C6D9078D-F57B-43A9-84A3-60882741022D}.Debug|x86.Build.0 = Debug|Any CPU
		{C6D9078D-F57B-43A9-84A3-60882741022D}.Release|Any CPU.ActiveCfg = Release|Any CPU
		{C6D9078D-F57B-43A9-84A3-60882741022D}.Release|Any CPU.Build.0 = Release|Any CPU
		{C6D9078D-F57B-43A9-84A3-60882741022D}.Release|x64.ActiveCfg = Release|Any CPU
		{C6D9078D-F57B-43A9-84A3-60882741022D}.Release|x64.Build.0 = Release|Any CPU
		{C6D9078D-F57B-43A9-84A3-60882741022D}.Release|x86.ActiveCfg = Release|Any CPU
		{C6D9078D-F57B-43A9-84A3-60882741022D}.Release|x86.Build.0 = Release|Any CPU
		{81D33747-2D69-4E32-B2F3-1A0C7960FB9D}.Debug|Any CPU.ActiveCfg = Debug|Any CPU
		{81D33747-2D69-4E32-B2F3-1A0C7960FB9D}.Debug|Any CPU.Build.0 = Debug|Any CPU
		{81D33747-2D69-4E32-B2F3-1A0C7960FB9D}.Debug|x64.ActiveCfg = Debug|Any CPU
		{81D33747-2D69-4E32-B2F3-1A0C7960FB9D}.Debug|x64.Build.0 = Debug|Any CPU
		{81D33747-2D69-4E32-B2F3-1A0C7960FB9D}.Debug|x86.ActiveCfg = Debug|Any CPU
		{81D33747-2D69-4E32-B2F3-1A0C7960FB9D}.Debug|x86.Build.0 = Debug|Any CPU
		{81D33747-2D69-4E32-B2F3-1A0C7960FB9D}.Release|Any CPU.ActiveCfg = Release|Any CPU
		{81D33747-2D69-4E32-B2F3-1A0C7960FB9D}.Release|Any CPU.Build.0 = Release|Any CPU
		{81D33747-2D69-4E32-B2F3-1A0C7960FB9D}.Release|x64.ActiveCfg = Release|Any CPU
		{81D33747-2D69-4E32-B2F3-1A0C7960FB9D}.Release|x64.Build.0 = Release|Any CPU
		{81D33747-2D69-4E32-B2F3-1A0C7960FB9D}.Release|x86.ActiveCfg = Release|Any CPU
		{81D33747-2D69-4E32-B2F3-1A0C7960FB9D}.Release|x86.Build.0 = Release|Any CPU
		{B43D24EE-F42A-4A0A-BE81-9431ED219BBF}.Debug|Any CPU.ActiveCfg = Debug|Any CPU
		{B43D24EE-F42A-4A0A-BE81-9431ED219BBF}.Debug|Any CPU.Build.0 = Debug|Any CPU
		{B43D24EE-F42A-4A0A-BE81-9431ED219BBF}.Debug|x64.ActiveCfg = Debug|Any CPU
		{B43D24EE-F42A-4A0A-BE81-9431ED219BBF}.Debug|x64.Build.0 = Debug|Any CPU
		{B43D24EE-F42A-4A0A-BE81-9431ED219BBF}.Debug|x86.ActiveCfg = Debug|Any CPU
		{B43D24EE-F42A-4A0A-BE81-9431ED219BBF}.Debug|x86.Build.0 = Debug|Any CPU
		{B43D24EE-F42A-4A0A-BE81-9431ED219BBF}.Release|Any CPU.ActiveCfg = Release|Any CPU
		{B43D24EE-F42A-4A0A-BE81-9431ED219BBF}.Release|Any CPU.Build.0 = Release|Any CPU
		{B43D24EE-F42A-4A0A-BE81-9431ED219BBF}.Release|x64.ActiveCfg = Release|Any CPU
		{B43D24EE-F42A-4A0A-BE81-9431ED219BBF}.Release|x64.Build.0 = Release|Any CPU
		{B43D24EE-F42A-4A0A-BE81-9431ED219BBF}.Release|x86.ActiveCfg = Release|Any CPU
		{B43D24EE-F42A-4A0A-BE81-9431ED219BBF}.Release|x86.Build.0 = Release|Any CPU
		{9EDEB05A-9F04-493A-8CE8-E1A385A6BE27}.Debug|Any CPU.ActiveCfg = Debug|Any CPU
		{9EDEB05A-9F04-493A-8CE8-E1A385A6BE27}.Debug|Any CPU.Build.0 = Debug|Any CPU
		{9EDEB05A-9F04-493A-8CE8-E1A385A6BE27}.Debug|x64.ActiveCfg = Debug|Any CPU
		{9EDEB05A-9F04-493A-8CE8-E1A385A6BE27}.Debug|x64.Build.0 = Debug|Any CPU
		{9EDEB05A-9F04-493A-8CE8-E1A385A6BE27}.Debug|x86.ActiveCfg = Debug|Any CPU
		{9EDEB05A-9F04-493A-8CE8-E1A385A6BE27}.Debug|x86.Build.0 = Debug|Any CPU
		{9EDEB05A-9F04-493A-8CE8-E1A385A6BE27}.Release|Any CPU.ActiveCfg = Release|Any CPU
		{9EDEB05A-9F04-493A-8CE8-E1A385A6BE27}.Release|Any CPU.Build.0 = Release|Any CPU
		{9EDEB05A-9F04-493A-8CE8-E1A385A6BE27}.Release|x64.ActiveCfg = Release|Any CPU
		{9EDEB05A-9F04-493A-8CE8-E1A385A6BE27}.Release|x64.Build.0 = Release|Any CPU
		{9EDEB05A-9F04-493A-8CE8-E1A385A6BE27}.Release|x86.ActiveCfg = Release|Any CPU
		{9EDEB05A-9F04-493A-8CE8-E1A385A6BE27}.Release|x86.Build.0 = Release|Any CPU
		{07E616D5-7464-4205-829C-B158DDA17CAC}.Debug|Any CPU.ActiveCfg = Debug|Any CPU
		{07E616D5-7464-4205-829C-B158DDA17CAC}.Debug|Any CPU.Build.0 = Debug|Any CPU
		{07E616D5-7464-4205-829C-B158DDA17CAC}.Debug|x64.ActiveCfg = Debug|Any CPU
		{07E616D5-7464-4205-829C-B158DDA17CAC}.Debug|x64.Build.0 = Debug|Any CPU
		{07E616D5-7464-4205-829C-B158DDA17CAC}.Debug|x86.ActiveCfg = Debug|Any CPU
		{07E616D5-7464-4205-829C-B158DDA17CAC}.Debug|x86.Build.0 = Debug|Any CPU
		{07E616D5-7464-4205-829C-B158DDA17CAC}.Release|Any CPU.ActiveCfg = Release|Any CPU
		{07E616D5-7464-4205-829C-B158DDA17CAC}.Release|Any CPU.Build.0 = Release|Any CPU
		{07E616D5-7464-4205-829C-B158DDA17CAC}.Release|x64.ActiveCfg = Release|Any CPU
		{07E616D5-7464-4205-829C-B158DDA17CAC}.Release|x64.Build.0 = Release|Any CPU
		{07E616D5-7464-4205-829C-B158DDA17CAC}.Release|x86.ActiveCfg = Release|Any CPU
		{07E616D5-7464-4205-829C-B158DDA17CAC}.Release|x86.Build.0 = Release|Any CPU
		{BCF7FEA4-4843-4AF6-B450-4CE1532BE69C}.Debug|Any CPU.ActiveCfg = Debug|Any CPU
		{BCF7FEA4-4843-4AF6-B450-4CE1532BE69C}.Debug|Any CPU.Build.0 = Debug|Any CPU
		{BCF7FEA4-4843-4AF6-B450-4CE1532BE69C}.Debug|x64.ActiveCfg = Debug|Any CPU
		{BCF7FEA4-4843-4AF6-B450-4CE1532BE69C}.Debug|x64.Build.0 = Debug|Any CPU
		{BCF7FEA4-4843-4AF6-B450-4CE1532BE69C}.Debug|x86.ActiveCfg = Debug|Any CPU
		{BCF7FEA4-4843-4AF6-B450-4CE1532BE69C}.Debug|x86.Build.0 = Debug|Any CPU
		{BCF7FEA4-4843-4AF6-B450-4CE1532BE69C}.Release|Any CPU.ActiveCfg = Release|Any CPU
		{BCF7FEA4-4843-4AF6-B450-4CE1532BE69C}.Release|Any CPU.Build.0 = Release|Any CPU
		{BCF7FEA4-4843-4AF6-B450-4CE1532BE69C}.Release|x64.ActiveCfg = Release|Any CPU
		{BCF7FEA4-4843-4AF6-B450-4CE1532BE69C}.Release|x64.Build.0 = Release|Any CPU
		{BCF7FEA4-4843-4AF6-B450-4CE1532BE69C}.Release|x86.ActiveCfg = Release|Any CPU
		{BCF7FEA4-4843-4AF6-B450-4CE1532BE69C}.Release|x86.Build.0 = Release|Any CPU
		{2412CA33-7CC7-46CC-880A-944AFF533F92}.Debug|Any CPU.ActiveCfg = Debug|Any CPU
		{2412CA33-7CC7-46CC-880A-944AFF533F92}.Debug|Any CPU.Build.0 = Debug|Any CPU
		{2412CA33-7CC7-46CC-880A-944AFF533F92}.Debug|x64.ActiveCfg = Debug|Any CPU
		{2412CA33-7CC7-46CC-880A-944AFF533F92}.Debug|x64.Build.0 = Debug|Any CPU
		{2412CA33-7CC7-46CC-880A-944AFF533F92}.Debug|x86.ActiveCfg = Debug|Any CPU
		{2412CA33-7CC7-46CC-880A-944AFF533F92}.Debug|x86.Build.0 = Debug|Any CPU
		{2412CA33-7CC7-46CC-880A-944AFF533F92}.Release|Any CPU.ActiveCfg = Release|Any CPU
		{2412CA33-7CC7-46CC-880A-944AFF533F92}.Release|Any CPU.Build.0 = Release|Any CPU
		{2412CA33-7CC7-46CC-880A-944AFF533F92}.Release|x64.ActiveCfg = Release|Any CPU
		{2412CA33-7CC7-46CC-880A-944AFF533F92}.Release|x64.Build.0 = Release|Any CPU
		{2412CA33-7CC7-46CC-880A-944AFF533F92}.Release|x86.ActiveCfg = Release|Any CPU
		{2412CA33-7CC7-46CC-880A-944AFF533F92}.Release|x86.Build.0 = Release|Any CPU
	EndGlobalSection
	GlobalSection(SolutionProperties) = preSolution
		HideSolutionNode = FALSE
	EndGlobalSection
	GlobalSection(NestedProjects) = preSolution
		{B2D2463F-FEE4-4DB3-8821-EA378753E006} = {6AAE677C-A38E-4AD0-951B-4E64D91EE928}
		{B93044E6-2EA1-4D10-932D-7D232DB02C76} = {6AAE677C-A38E-4AD0-951B-4E64D91EE928}
		{47E591EA-37FC-438D-96E0-EBC609BFDFA9} = {F87C6291-1953-4FD8-AE97-530A9B63B6B0}
		{C6D9078D-F57B-43A9-84A3-60882741022D} = {6AAE677C-A38E-4AD0-951B-4E64D91EE928}
		{81D33747-2D69-4E32-B2F3-1A0C7960FB9D} = {6AAE677C-A38E-4AD0-951B-4E64D91EE928}
		{B43D24EE-F42A-4A0A-BE81-9431ED219BBF} = {6AAE677C-A38E-4AD0-951B-4E64D91EE928}
		{9EDEB05A-9F04-493A-8CE8-E1A385A6BE27} = {F87C6291-1953-4FD8-AE97-530A9B63B6B0}
		{07E616D5-7464-4205-829C-B158DDA17CAC} = {F87C6291-1953-4FD8-AE97-530A9B63B6B0}
		{BCF7FEA4-4843-4AF6-B450-4CE1532BE69C} = {F87C6291-1953-4FD8-AE97-530A9B63B6B0}
		{2412CA33-7CC7-46CC-880A-944AFF533F92} = {F87C6291-1953-4FD8-AE97-530A9B63B6B0}
	EndGlobalSection
	GlobalSection(ExtensibilityGlobals) = postSolution
		SolutionGuid = {E3C4EEBB-EB37-4D19-9722-29741BCD589C}
	EndGlobalSection
EndGlobal
