
Microsoft Visual Studio Solution File, Format Version 12.00
# Visual Studio 15
VisualStudioVersion = 15.0.26124.0
MinimumVisualStudioVersion = 15.0.26124.0
Project("{2150E333-8FDC-42A3-9474-1A3956D46DE8}") = "src", "src", "{6AAE677C-A38E-4AD0-951B-4E64D91EE928}"
EndProject
Project("{FAE04EC0-301F-11D3-BF4B-00C04F79EFBC}") = "AppAny.Quartz.EntityFrameworkCore.Migrations.PostgreSQL", "src\AppAny.Quartz.EntityFrameworkCore.Migrations.PostgreSQL\AppAny.Quartz.EntityFrameworkCore.Migrations.PostgreSQL.csproj", "{B2D2463F-FEE4-4DB3-8821-EA378753E006}"
EndProject
Project("{FAE04EC0-301F-11D3-BF4B-00C04F79EFBC}") = "AppAny.Quartz.EntityFrameworkCore.Migrations", "src\AppAny.Quartz.EntityFrameworkCore.Migrations\AppAny.Quartz.EntityFrameworkCore.Migrations.csproj", "{B93044E6-2EA1-4D10-932D-7D232DB02C76}"
EndProject
Project("{2150E333-8FDC-42A3-9474-1A3956D46DE8}") = "tests", "tests", "{F87C6291-1953-4FD8-AE97-530A9B63B6B0}"
EndProject
Project("{FAE04EC0-301F-11D3-BF4B-00C04F79EFBC}") = "AppAny.Quartz.EntityFrameworkCore.Migrations.Tests", "tests\AppAny.Quartz.EntityFrameworkCore.Migrations.Tests\AppAny.Quartz.EntityFrameworkCore.Migrations.Tests.csproj", "{47E591EA-37FC-438D-96E0-EBC609BFDFA9}"
EndProject
Global
	GlobalSection(SolutionConfigurationPlatforms) = preSolution
		Debug|Any CPU = Debug|Any CPU
		Debug|x64 = Debug|x64
		Debug|x86 = Debug|x86
		Release|Any CPU = Release|Any CPU
		Release|x64 = Release|x64
		Release|x86 = Release|x86
	EndGlobalSection
	GlobalSection(SolutionProperties) = preSolution
		HideSolutionNode = FALSE
	EndGlobalSection
	GlobalSection(ProjectConfigurationPlatforms) = postSolution
		{B2D2463F-FEE4-4DB3-8821-EA378753E006}.Debug|Any CPU.ActiveCfg = Debug|Any CPU
		{B2D2463F-FEE4-4DB3-8821-EA378753E006}.Debug|Any CPU.Build.0 = Debug|Any CPU
		{B2D2463F-FEE4-4DB3-8821-EA378753E006}.Debug|x64.ActiveCfg = Debug|Any CPU
		{B2D2463F-FEE4-4DB3-8821-EA378753E006}.Debug|x64.Build.0 = Debug|Any CPU
		{B2D2463F-FEE4-4DB3-8821-EA378753E006}.Debug|x86.ActiveCfg = Debug|Any CPU
		{B2D2463F-FEE4-4DB3-8821-EA378753E006}.Debug|x86.Build.0 = Debug|Any CPU
		{B2D2463F-FEE4-4DB3-8821-EA378753E006}.Release|Any CPU.ActiveCfg = Release|Any CPU
		{B2D2463F-FEE4-4DB3-8821-EA378753E006}.Release|Any CPU.Build.0 = Release|Any CPU
		{B2D2463F-FEE4-4DB3-8821-EA378753E006}.Release|x64.ActiveCfg = Release|Any CPU
		{B2D2463F-FEE4-4DB3-8821-EA378753E006}.Release|x64.Build.0 = Release|Any CPU
		{B2D2463F-FEE4-4DB3-8821-EA378753E006}.Release|x86.ActiveCfg = Release|Any CPU
		{B2D2463F-FEE4-4DB3-8821-EA378753E006}.Release|x86.Build.0 = Release|Any CPU
		{B93044E6-2EA1-4D10-932D-7D232DB02C76}.Debug|Any CPU.ActiveCfg = Debug|Any CPU
		{B93044E6-2EA1-4D10-932D-7D232DB02C76}.Debug|Any CPU.Build.0 = Debug|Any CPU
		{B93044E6-2EA1-4D10-932D-7D232DB02C76}.Debug|x64.ActiveCfg = Debug|Any CPU
		{B93044E6-2EA1-4D10-932D-7D232DB02C76}.Debug|x64.Build.0 = Debug|Any CPU
		{B93044E6-2EA1-4D10-932D-7D232DB02C76}.Debug|x86.ActiveCfg = Debug|Any CPU
		{B93044E6-2EA1-4D10-932D-7D232DB02C76}.Debug|x86.Build.0 = Debug|Any CPU
		{B93044E6-2EA1-4D10-932D-7D232DB02C76}.Release|Any CPU.ActiveCfg = Release|Any CPU
		{B93044E6-2EA1-4D10-932D-7D232DB02C76}.Release|Any CPU.Build.0 = Release|Any CPU
		{B93044E6-2EA1-4D10-932D-7D232DB02C76}.Release|x64.ActiveCfg = Release|Any CPU
		{B93044E6-2EA1-4D10-932D-7D232DB02C76}.Release|x64.Build.0 = Release|Any CPU
		{B93044E6-2EA1-4D10-932D-7D232DB02C76}.Release|x86.ActiveCfg = Release|Any CPU
		{B93044E6-2EA1-4D10-932D-7D232DB02C76}.Release|x86.Build.0 = Release|Any CPU
		{47E591EA-37FC-438D-96E0-EBC609BFDFA9}.Debug|Any CPU.ActiveCfg = Debug|Any CPU
		{47E591EA-37FC-438D-96E0-EBC609BFDFA9}.Debug|Any CPU.Build.0 = Debug|Any CPU
		{47E591EA-37FC-438D-96E0-EBC609BFDFA9}.Debug|x64.ActiveCfg = Debug|Any CPU
		{47E591EA-37FC-438D-96E0-EBC609BFDFA9}.Debug|x64.Build.0 = Debug|Any CPU
		{47E591EA-37FC-438D-96E0-EBC609BFDFA9}.Debug|x86.ActiveCfg = Debug|Any CPU
		{47E591EA-37FC-438D-96E0-EBC609BFDFA9}.Debug|x86.Build.0 = Debug|Any CPU
		{47E591EA-37FC-438D-96E0-EBC609BFDFA9}.Release|Any CPU.ActiveCfg = Release|Any CPU
		{47E591EA-37FC-438D-96E0-EBC609BFDFA9}.Release|Any CPU.Build.0 = Release|Any CPU
		{47E591EA-37FC-438D-96E0-EBC609BFDFA9}.Release|x64.ActiveCfg = Release|Any CPU
		{47E591EA-37FC-438D-96E0-EBC609BFDFA9}.Release|x64.Build.0 = Release|Any CPU
		{47E591EA-37FC-438D-96E0-EBC609BFDFA9}.Release|x86.ActiveCfg = Release|Any CPU
		{47E591EA-37FC-438D-96E0-EBC609BFDFA9}.Release|x86.Build.0 = Release|Any CPU
	EndGlobalSection
	GlobalSection(NestedProjects) = preSolution
		{B2D2463F-FEE4-4DB3-8821-EA378753E006} = {6AAE677C-A38E-4AD0-951B-4E64D91EE928}
		{B93044E6-2EA1-4D10-932D-7D232DB02C76} = {6AAE677C-A38E-4AD0-951B-4E64D91EE928}
		{47E591EA-37FC-438D-96E0-EBC609BFDFA9} = {F87C6291-1953-4FD8-AE97-530A9B63B6B0}
	EndGlobalSection
EndGlobal
